PODS:
  - FirebaseAnalytics (4.0.1)
  - SwiftyJSON (3.0.0)

DEPENDENCIES:
  - FirebaseAnalytics (~> 4.0)
  - SwiftyJSON (~> 3.0)

SPEC CHECKSUMS:
  FirebaseAnalytics: 7682d43245de14874acd142ec137b144aa1dd335
  SwiftyJSON: 6594aa1139a67dcd36cde6da79ea4e5b318e60fb

PODFILE CHECKSUM: 68c7abf770896bd0a5491215e2618054338bed0e

COCOAPODS: 1.0.1
