PODS:
  - SDWebImage (2.2.2)
  - FirebaseInstanceID (2.2.2)
  

DEPENDENCIES:
  - SDWebImage (2.2.2)
  - FirebaseInstanceID (2.2.2)

SPEC REPOS:
  trunk:
    - SDWebImage (2.2.2)
    - FirebaseInstanceID (2.2.2)

SPEC CHECKSUMS:
  Reveal-SDK: 5d7e56b8f018c0a88b3a2c10bf68d598bbd3b071

PODFILE CHECKSUM: 3558c3b60c01e8cff4f7b0ac1bd6ef19441afc81

COCOAPODS: 1.10.0

pod "TensorFlowLiteObjC", "2.2.2"
